{
  "name": "ZaxHerbivoryTrainer",
  "version": "1.0.0",
  "lockfileVersion": 1,
  "requires": true,
  "dependencies": {
    "blueimp-canvas-to-blob": {
      "version": "3.18.0",
      "resolved": "https://registry.npmjs.org/blueimp-canvas-to-blob/-/blueimp-canvas-to-blob-3.18.0.tgz",
      "integrity": "sha512-AkYW5KQ0kTMrmcXvSVi+2TsWDXVZwrJM3g4o7r2z6OA3IlMhlAnoBNWI1ow45jfRr/co7tNch4OdNyb3WU3Pxw==",
      "optional": true
    },
    "blueimp-file-upload": {
      "version": "10.9.0",
      "resolved": "https://registry.npmjs.org/blueimp-file-upload/-/blueimp-file-upload-10.9.0.tgz",
      "integrity": "sha512-m5iaYlJy2FYc6KdwT1CG3pjhD6VUUGK3ktihxn9wBbQquHQM4Kx3F087qmVgy0bRvY2JkCnP8yx1PzvRisDf9A==",
      "requires": {
        "blueimp-canvas-to-blob": "3",
        "blueimp-load-image": "2",
        "blueimp-tmpl": "3"
      }
    },
    "blueimp-load-image": {
      "version": "2.28.0",
      "resolved": "https://registry.npmjs.org/blueimp-load-image/-/blueimp-load-image-2.28.0.tgz",
      "integrity": "sha512-kks0mH7cF+V1qcxk7w+JYwX8k8rzM6ebZ3j8bssoX38vX9iRJHvjqpfpZLYWrnCoSYjbpB/TM3EQUaFuSS0BMg==",
      "optional": true
    },
    "blueimp-tmpl": {
      "version": "3.14.0",
      "resolved": "https://registry.npmjs.org/blueimp-tmpl/-/blueimp-tmpl-3.14.0.tgz",
      "integrity": "sha512-mA8iwfEVkvpjtBXpRp25DxGqW2YOZqC9FVLLOa03Qwdsd6J4kVyL1noC04arAm0CNsu3Y0FmxkAOt+x2MoxpYA==",
      "optional": true
    },
    "bootstrap": {
      "version": "3.4.1",
      "resolved": "https://registry.npmjs.org/bootstrap/-/bootstrap-3.4.1.tgz",
      "integrity": "sha512-yN5oZVmRCwe5aKwzRj6736nSmKDX7pLYwsXiCj/EYmo16hODaBiT4En5btW/jhBF/seV+XMx3aYwukYC3A49DA=="
    },
    "cloudinary-jquery-file-upload": {
      "version": "2.8.2",
      "resolved": "https://registry.npmjs.org/cloudinary-jquery-file-upload/-/cloudinary-jquery-file-upload-2.8.2.tgz",
      "integrity": "sha512-3DcVEBmyEoxV5ti9PXjxBVr6ahVtdNOdM01pZQ6qu4Fi8b5w7zEuQ1eXcOKDKces1ngqUXFiCBbAVPPIW5kaaQ=="
    },
    "font-awesome": {
      "version": "4.7.0",
      "resolved": "https://registry.npmjs.org/font-awesome/-/font-awesome-4.7.0.tgz",
      "integrity": "sha1-j6jPBBGhoxr9B7BtKQK7n8gVoTM="
    },
    "jquery": {
      "version": "3.5.0",
      "resolved": "https://registry.npmjs.org/jquery/-/jquery-3.5.0.tgz",
      "integrity": "sha512-Xb7SVYMvygPxbFMpTFQiHh1J7HClEaThguL15N/Gg37Lri/qKyhRGZYzHRyLH8Stq3Aow0LsHO2O2ci86fCrNQ=="
    }
  }
}
